
Microsoft Visual Studio Solution File, Format Version 12.00
Project("{FAE04EC0-301F-11D3-BF4B-00C04F79EFBC}") = "SyncReverseProxy", "backend\SyncReverseProxy\SyncReverseProxy.csproj", "{5C589976-854A-4CE8-A661-A2E256AC2FC4}"
EndProject
Project("{FAE04EC0-301F-11D3-BF4B-00C04F79EFBC}") = "LexBoxApi", "backend\LexBoxApi\LexBoxApi.csproj", "{A95FC2AC-2B31-4B40-B4DA-6B951ECE3E28}"
EndProject
Project("{2150E333-8FDC-42A3-9474-1A3956D46DE8}") = "Solution Items", "Solution Items", "{B323B57A-2D47-4A64-9882-57D656886483}"
	ProjectSection(SolutionItems) = preProject
		.dockerignore = .dockerignore
		.env = .env
		.gitignore = .gitignore
		README.md = README.md
		schema.graphql = "frontend\schema.graphql"
	EndProjectSection
EndProject
Project("{FAE04EC0-301F-11D3-BF4B-00C04F79EFBC}") = "LexData", "backend\LexData\LexData.csproj", "{C39B887D-5551-4903-9398-4093426F42F2}"
EndProject
Project("{FAE04EC0-301F-11D3-BF4B-00C04F79EFBC}") = "LexCore", "backend\LexCore\LexCore.csproj", "{77369A84-6546-4123-86F4-DF6D680D0C58}"
EndProject
Project("{FAE04EC0-301F-11D3-BF4B-00C04F79EFBC}") = "Testing", "backend\Testing\Testing.csproj", "{80C52170-E1F2-48D0-88BB-226DBAC20BAA}"
EndProject
Project("{FAE04EC0-301F-11D3-BF4B-00C04F79EFBC}") = "FixFwData", "backend\FixFwData\FixFwData.csproj", "{D7FC8B93-15A1-4D0B-9EAB-45596DB147F4}"
EndProject
Project("{2150E333-8FDC-42A3-9474-1A3956D46DE8}") = "LfNext", "LfNext", "{7B6E21C4-5AF4-4505-B7D9-59A3886C5090}"
EndProject
Project("{FAE04EC0-301F-11D3-BF4B-00C04F79EFBC}") = "LfClassicData", "backend\LfClassicData\LfClassicData.csproj", "{E8BB768B-C3DC-4BE6-9B9F-82319E05AF86}"
EndProject
Project("{FAE04EC0-301F-11D3-BF4B-00C04F79EFBC}") = "MiniLcm", "backend\FwLite\MiniLcm\MiniLcm.csproj", "{6D4062DC-1B1A-4A24-9C61-0F6A18A39882}"
EndProject
Project("{FAE04EC0-301F-11D3-BF4B-00C04F79EFBC}") = "LocalWebApp", "backend\FwLite\LocalWebApp\LocalWebApp.csproj", "{2CDF7126-733B-46E8-9B93-7DC31DE39682}"
EndProject
Project("{FAE04EC0-301F-11D3-BF4B-00C04F79EFBC}") = "LcmCrdt", "backend\FwLite\LcmCrdt\LcmCrdt.csproj", "{6B857F83-72E3-43E6-91C3-A946F3F988D8}"
EndProject
Project("{FAE04EC0-301F-11D3-BF4B-00C04F79EFBC}") = "LcmCrdt.Tests", "backend\FwLite\LcmCrdt.Tests\LcmCrdt.Tests.csproj", "{7D874D9B-1CA9-49E9-8B03-91B5C324E938}"
EndProject
Project("{FAE04EC0-301F-11D3-BF4B-00C04F79EFBC}") = "SIL.Harmony", "backend\harmony\src\SIL.Harmony\SIL.Harmony.csproj", "{740C8FF5-8006-4047-8C52-53873C2DD7C4}"
EndProject
Project("{FAE04EC0-301F-11D3-BF4B-00C04F79EFBC}") = "SIL.Harmony.Core", "backend\harmony\src\SIL.Harmony.Core\SIL.Harmony.Core.csproj", "{8B54FFB5-0BDF-403E-83CC-A3B3861EC507}"
EndProject
Project("{FAE04EC0-301F-11D3-BF4B-00C04F79EFBC}") = "FwDataMiniLcmBridge", "backend\FwLite\FwDataMiniLcmBridge\FwDataMiniLcmBridge.csproj", "{279197B6-EC06-4DE0-94F8-625379C3AD83}"
EndProject
Project("{FAE04EC0-301F-11D3-BF4B-00C04F79EFBC}") = "FwDataMiniLcmBridge.Tests", "backend\FwLite\FwDataMiniLcmBridge.Tests\FwDataMiniLcmBridge.Tests.csproj", "{B0299A49-C0B2-4553-A72E-1670D4CB5138}"
EndProject
Project("{FAE04EC0-301F-11D3-BF4B-00C04F79EFBC}") = "FwLiteDesktop", "backend\FwLite\FwLiteDesktop\FwLiteDesktop.csproj", "{9001FE0F-DBBF-4A78-9EB9-9B5042CF8A78}"
EndProject
Project("{FAE04EC0-301F-11D3-BF4B-00C04F79EFBC}") = "FwLiteProjectSync", "backend\FwLite\FwLiteProjectSync\FwLiteProjectSync.csproj", "{2245BAB6-753A-48AE-B929-6D8C35CB9804}"
EndProject
Project("{FAE04EC0-301F-11D3-BF4B-00C04F79EFBC}") = "FwLiteProjectSync.Tests", "backend\FwLite\FwLiteProjectSync.Tests\FwLiteProjectSync.Tests.csproj", "{5352D1CC-14C5-4589-9389-731F55E4FFDF}"
EndProject
Project("{FAE04EC0-301F-11D3-BF4B-00C04F79EFBC}") = "LcmDebugger", "backend\LfNext\LcmDebugger\LcmDebugger.csproj", "{5A9011D8-6EC1-4550-BDD7-AFF00DB2B921}"
EndProject
Project("{FAE04EC0-301F-11D3-BF4B-00C04F79EFBC}") = "MiniLcm.Tests", "backend\FwLite\MiniLcm.Tests\MiniLcm.Tests.csproj", "{00AE5440-0E36-4488-935B-5B11301BA57D}"
EndProject
Global
	GlobalSection(SolutionConfigurationPlatforms) = preSolution
		Debug|Any CPU = Debug|Any CPU
		Release|Any CPU = Release|Any CPU
	EndGlobalSection
	GlobalSection(ProjectConfigurationPlatforms) = postSolution
		{5C589976-854A-4CE8-A661-A2E256AC2FC4}.Debug|Any CPU.ActiveCfg = Debug|Any CPU
		{5C589976-854A-4CE8-A661-A2E256AC2FC4}.Debug|Any CPU.Build.0 = Debug|Any CPU
		{5C589976-854A-4CE8-A661-A2E256AC2FC4}.Release|Any CPU.ActiveCfg = Release|Any CPU
		{5C589976-854A-4CE8-A661-A2E256AC2FC4}.Release|Any CPU.Build.0 = Release|Any CPU
		{A95FC2AC-2B31-4B40-B4DA-6B951ECE3E28}.Debug|Any CPU.ActiveCfg = Debug|Any CPU
		{A95FC2AC-2B31-4B40-B4DA-6B951ECE3E28}.Debug|Any CPU.Build.0 = Debug|Any CPU
		{A95FC2AC-2B31-4B40-B4DA-6B951ECE3E28}.Release|Any CPU.ActiveCfg = Release|Any CPU
		{A95FC2AC-2B31-4B40-B4DA-6B951ECE3E28}.Release|Any CPU.Build.0 = Release|Any CPU
		{C39B887D-5551-4903-9398-4093426F42F2}.Debug|Any CPU.ActiveCfg = Debug|Any CPU
		{C39B887D-5551-4903-9398-4093426F42F2}.Debug|Any CPU.Build.0 = Debug|Any CPU
		{C39B887D-5551-4903-9398-4093426F42F2}.Release|Any CPU.ActiveCfg = Release|Any CPU
		{C39B887D-5551-4903-9398-4093426F42F2}.Release|Any CPU.Build.0 = Release|Any CPU
		{77369A84-6546-4123-86F4-DF6D680D0C58}.Debug|Any CPU.ActiveCfg = Debug|Any CPU
		{77369A84-6546-4123-86F4-DF6D680D0C58}.Debug|Any CPU.Build.0 = Debug|Any CPU
		{77369A84-6546-4123-86F4-DF6D680D0C58}.Release|Any CPU.ActiveCfg = Release|Any CPU
		{77369A84-6546-4123-86F4-DF6D680D0C58}.Release|Any CPU.Build.0 = Release|Any CPU
		{80C52170-E1F2-48D0-88BB-226DBAC20BAA}.Debug|Any CPU.ActiveCfg = Debug|Any CPU
		{80C52170-E1F2-48D0-88BB-226DBAC20BAA}.Debug|Any CPU.Build.0 = Debug|Any CPU
		{80C52170-E1F2-48D0-88BB-226DBAC20BAA}.Release|Any CPU.ActiveCfg = Release|Any CPU
		{80C52170-E1F2-48D0-88BB-226DBAC20BAA}.Release|Any CPU.Build.0 = Release|Any CPU
		{D7FC8B93-15A1-4D0B-9EAB-45596DB147F4}.Debug|Any CPU.ActiveCfg = Debug|Any CPU
		{D7FC8B93-15A1-4D0B-9EAB-45596DB147F4}.Debug|Any CPU.Build.0 = Debug|Any CPU
		{D7FC8B93-15A1-4D0B-9EAB-45596DB147F4}.Release|Any CPU.ActiveCfg = Release|Any CPU
		{D7FC8B93-15A1-4D0B-9EAB-45596DB147F4}.Release|Any CPU.Build.0 = Release|Any CPU
		{E8BB768B-C3DC-4BE6-9B9F-82319E05AF86}.Debug|Any CPU.ActiveCfg = Debug|Any CPU
		{E8BB768B-C3DC-4BE6-9B9F-82319E05AF86}.Debug|Any CPU.Build.0 = Debug|Any CPU
		{E8BB768B-C3DC-4BE6-9B9F-82319E05AF86}.Release|Any CPU.ActiveCfg = Release|Any CPU
		{E8BB768B-C3DC-4BE6-9B9F-82319E05AF86}.Release|Any CPU.Build.0 = Release|Any CPU
		{6D4062DC-1B1A-4A24-9C61-0F6A18A39882}.Debug|Any CPU.ActiveCfg = Debug|Any CPU
		{6D4062DC-1B1A-4A24-9C61-0F6A18A39882}.Debug|Any CPU.Build.0 = Debug|Any CPU
		{6D4062DC-1B1A-4A24-9C61-0F6A18A39882}.Release|Any CPU.ActiveCfg = Release|Any CPU
		{6D4062DC-1B1A-4A24-9C61-0F6A18A39882}.Release|Any CPU.Build.0 = Release|Any CPU
		{6B857F83-72E3-43E6-91C3-A946F3F988D8}.Debug|Any CPU.ActiveCfg = Debug|Any CPU
		{6B857F83-72E3-43E6-91C3-A946F3F988D8}.Debug|Any CPU.Build.0 = Debug|Any CPU
		{6B857F83-72E3-43E6-91C3-A946F3F988D8}.Release|Any CPU.ActiveCfg = Release|Any CPU
		{6B857F83-72E3-43E6-91C3-A946F3F988D8}.Release|Any CPU.Build.0 = Release|Any CPU
		{7D874D9B-1CA9-49E9-8B03-91B5C324E938}.Debug|Any CPU.ActiveCfg = Debug|Any CPU
		{7D874D9B-1CA9-49E9-8B03-91B5C324E938}.Debug|Any CPU.Build.0 = Debug|Any CPU
		{7D874D9B-1CA9-49E9-8B03-91B5C324E938}.Release|Any CPU.ActiveCfg = Release|Any CPU
		{7D874D9B-1CA9-49E9-8B03-91B5C324E938}.Release|Any CPU.Build.0 = Release|Any CPU
		{740C8FF5-8006-4047-8C52-53873C2DD7C4}.Debug|Any CPU.ActiveCfg = Debug|Any CPU
		{740C8FF5-8006-4047-8C52-53873C2DD7C4}.Debug|Any CPU.Build.0 = Debug|Any CPU
		{740C8FF5-8006-4047-8C52-53873C2DD7C4}.Release|Any CPU.ActiveCfg = Release|Any CPU
		{740C8FF5-8006-4047-8C52-53873C2DD7C4}.Release|Any CPU.Build.0 = Release|Any CPU
		{8B54FFB5-0BDF-403E-83CC-A3B3861EC507}.Debug|Any CPU.ActiveCfg = Debug|Any CPU
		{8B54FFB5-0BDF-403E-83CC-A3B3861EC507}.Debug|Any CPU.Build.0 = Debug|Any CPU
		{8B54FFB5-0BDF-403E-83CC-A3B3861EC507}.Release|Any CPU.ActiveCfg = Release|Any CPU
		{8B54FFB5-0BDF-403E-83CC-A3B3861EC507}.Release|Any CPU.Build.0 = Release|Any CPU
		{279197B6-EC06-4DE0-94F8-625379C3AD83}.Debug|Any CPU.ActiveCfg = Debug|Any CPU
		{279197B6-EC06-4DE0-94F8-625379C3AD83}.Debug|Any CPU.Build.0 = Debug|Any CPU
		{279197B6-EC06-4DE0-94F8-625379C3AD83}.Release|Any CPU.ActiveCfg = Release|Any CPU
		{279197B6-EC06-4DE0-94F8-625379C3AD83}.Release|Any CPU.Build.0 = Release|Any CPU
		{B0299A49-C0B2-4553-A72E-1670D4CB5138}.Debug|Any CPU.ActiveCfg = Debug|Any CPU
		{B0299A49-C0B2-4553-A72E-1670D4CB5138}.Debug|Any CPU.Build.0 = Debug|Any CPU
		{B0299A49-C0B2-4553-A72E-1670D4CB5138}.Release|Any CPU.ActiveCfg = Release|Any CPU
		{B0299A49-C0B2-4553-A72E-1670D4CB5138}.Release|Any CPU.Build.0 = Release|Any CPU
		{9001FE0F-DBBF-4A78-9EB9-9B5042CF8A78}.Debug|Any CPU.ActiveCfg = Debug|Any CPU
		{9001FE0F-DBBF-4A78-9EB9-9B5042CF8A78}.Debug|Any CPU.Build.0 = Debug|Any CPU
		{9001FE0F-DBBF-4A78-9EB9-9B5042CF8A78}.Debug|Any CPU.Deploy.0 = Debug|Any CPU
		{9001FE0F-DBBF-4A78-9EB9-9B5042CF8A78}.Release|Any CPU.ActiveCfg = Release|Any CPU
		{9001FE0F-DBBF-4A78-9EB9-9B5042CF8A78}.Release|Any CPU.Build.0 = Release|Any CPU
		{9001FE0F-DBBF-4A78-9EB9-9B5042CF8A78}.Release|Any CPU.Deploy.0 = Release|Any CPU
		{2CDF7126-733B-46E8-9B93-7DC31DE39682}.Debug|Any CPU.ActiveCfg = Debug|Any CPU
		{2CDF7126-733B-46E8-9B93-7DC31DE39682}.Debug|Any CPU.Build.0 = Debug|Any CPU
		{2CDF7126-733B-46E8-9B93-7DC31DE39682}.Release|Any CPU.ActiveCfg = Release|Any CPU
		{2CDF7126-733B-46E8-9B93-7DC31DE39682}.Release|Any CPU.Build.0 = Release|Any CPU
		{2245BAB6-753A-48AE-B929-6D8C35CB9804}.Debug|Any CPU.ActiveCfg = Debug|Any CPU
		{2245BAB6-753A-48AE-B929-6D8C35CB9804}.Debug|Any CPU.Build.0 = Debug|Any CPU
		{2245BAB6-753A-48AE-B929-6D8C35CB9804}.Release|Any CPU.ActiveCfg = Release|Any CPU
		{2245BAB6-753A-48AE-B929-6D8C35CB9804}.Release|Any CPU.Build.0 = Release|Any CPU
		{5352D1CC-14C5-4589-9389-731F55E4FFDF}.Debug|Any CPU.ActiveCfg = Debug|Any CPU
		{5352D1CC-14C5-4589-9389-731F55E4FFDF}.Debug|Any CPU.Build.0 = Debug|Any CPU
		{5352D1CC-14C5-4589-9389-731F55E4FFDF}.Release|Any CPU.ActiveCfg = Release|Any CPU
		{5352D1CC-14C5-4589-9389-731F55E4FFDF}.Release|Any CPU.Build.0 = Release|Any CPU
		{5A9011D8-6EC1-4550-BDD7-AFF00DB2B921}.Debug|Any CPU.ActiveCfg = Debug|Any CPU
		{5A9011D8-6EC1-4550-BDD7-AFF00DB2B921}.Debug|Any CPU.Build.0 = Debug|Any CPU
		{5A9011D8-6EC1-4550-BDD7-AFF00DB2B921}.Release|Any CPU.ActiveCfg = Release|Any CPU
		{5A9011D8-6EC1-4550-BDD7-AFF00DB2B921}.Release|Any CPU.Build.0 = Release|Any CPU
		{00AE5440-0E36-4488-935B-5B11301BA57D}.Debug|Any CPU.ActiveCfg = Debug|Any CPU
		{00AE5440-0E36-4488-935B-5B11301BA57D}.Debug|Any CPU.Build.0 = Debug|Any CPU
		{00AE5440-0E36-4488-935B-5B11301BA57D}.Release|Any CPU.ActiveCfg = Release|Any CPU
		{00AE5440-0E36-4488-935B-5B11301BA57D}.Release|Any CPU.Build.0 = Release|Any CPU
	EndGlobalSection
	GlobalSection(SolutionProperties) = preSolution
		HideSolutionNode = FALSE
	EndGlobalSection
	GlobalSection(NestedProjects) = preSolution
		{E8BB768B-C3DC-4BE6-9B9F-82319E05AF86} = {7B6E21C4-5AF4-4505-B7D9-59A3886C5090}
		{6D4062DC-1B1A-4A24-9C61-0F6A18A39882} = {7B6E21C4-5AF4-4505-B7D9-59A3886C5090}
		{2CDF7126-733B-46E8-9B93-7DC31DE39682} = {7B6E21C4-5AF4-4505-B7D9-59A3886C5090}
		{6B857F83-72E3-43E6-91C3-A946F3F988D8} = {7B6E21C4-5AF4-4505-B7D9-59A3886C5090}
		{7D874D9B-1CA9-49E9-8B03-91B5C324E938} = {7B6E21C4-5AF4-4505-B7D9-59A3886C5090}
		{740C8FF5-8006-4047-8C52-53873C2DD7C4} = {7B6E21C4-5AF4-4505-B7D9-59A3886C5090}
		{8B54FFB5-0BDF-403E-83CC-A3B3861EC507} = {7B6E21C4-5AF4-4505-B7D9-59A3886C5090}
		{279197B6-EC06-4DE0-94F8-625379C3AD83} = {7B6E21C4-5AF4-4505-B7D9-59A3886C5090}
		{B0299A49-C0B2-4553-A72E-1670D4CB5138} = {7B6E21C4-5AF4-4505-B7D9-59A3886C5090}
		{9001FE0F-DBBF-4A78-9EB9-9B5042CF8A78} = {7B6E21C4-5AF4-4505-B7D9-59A3886C5090}
		{2245BAB6-753A-48AE-B929-6D8C35CB9804} = {7B6E21C4-5AF4-4505-B7D9-59A3886C5090}
		{5352D1CC-14C5-4589-9389-731F55E4FFDF} = {7B6E21C4-5AF4-4505-B7D9-59A3886C5090}
		{5A9011D8-6EC1-4550-BDD7-AFF00DB2B921} = {7B6E21C4-5AF4-4505-B7D9-59A3886C5090}
		{00AE5440-0E36-4488-935B-5B11301BA57D} = {7B6E21C4-5AF4-4505-B7D9-59A3886C5090}
	EndGlobalSection
	GlobalSection(ExtensibilityGlobals) = postSolution
		SolutionGuid = {440AE83C-6DB0-4F18-B2C1-BCD33F0645B6}
	EndGlobalSection
EndGlobal
